
Microsoft Visual Studio Solution File, Format Version 12.00
# Visual Studio Version 16
VisualStudioVersion = 16.0.29509.3
MinimumVisualStudioVersion = 10.0.40219.1
Project("{9A19103F-16F7-4668-BE54-9A1E7A4F7556}") = "CSharpConcurrencySeniorEng", "CSharpConcurrencySeniorEng\CSharpConcurrencySeniorEng.csproj", "{D733A861-D4B8-433E-B015-DF288748C305}"
EndProject
Project("{9A19103F-16F7-4668-BE54-9A1E7A4F7556}") = "01ThreadRace", "01ThreadRace\01ThreadRace.csproj", "{AD8DF002-0D4E-4BCE-8B0E-FED65B3B439B}"
EndProject
Project("{9A19103F-16F7-4668-BE54-9A1E7A4F7556}") = "02ThreadRaceFixed", "02ThreadRaceFixed\02ThreadRaceFixed.csproj", "{B2F76EED-F3F8-48F6-A065-4C4AFCFB964E}"
EndProject
Project("{9A19103F-16F7-4668-BE54-9A1E7A4F7556}") = "03DeadlockDemo", "03DeadlockDemo\03DeadlockDemo.csproj", "{53307635-69EB-4DFB-AE7D-D8EF7F11EC2E}"
EndProject
Project("{9A19103F-16F7-4668-BE54-9A1E7A4F7556}") = "04ReentrantLockDemo", "04ReentrantLockDemo\04ReentrantLockDemo.csproj", "{ABABC95C-4078-424C-89C8-114BCF4D2CC1}"
EndProject
Project("{9A19103F-16F7-4668-BE54-9A1E7A4F7556}") = "05ThreadStartDemo", "05ThreadStartDemo\05ThreadStartDemo.csproj", "{360D3A49-89AB-4A72-9958-814CC3811857}"
EndProject
Project("{9A19103F-16F7-4668-BE54-9A1E7A4F7556}") = "06GreetingClassDemo", "06GreetingClassDemo\06GreetingClassDemo.csproj", "{948866C7-0F81-469B-B330-B58609B0CCB8}"
EndProject
Project("{9A19103F-16F7-4668-BE54-9A1E7A4F7556}") = "07CallbackDemo", "07CallbackDemo\07CallbackDemo.csproj", "{34128F84-DCD7-4402-B39A-251B10A3E86F}"
EndProject
Project("{9A19103F-16F7-4668-BE54-9A1E7A4F7556}") = "08ThreadPoolDoesntPrint", "08ThreadPoolDoesntPrint\08ThreadPoolDoesntPrint.csproj", "{BFDA2757-0477-4DE5-8634-5BF1F4E01F2C}"
EndProject
Project("{9A19103F-16F7-4668-BE54-9A1E7A4F7556}") = "09ThreadPoolThatPrints", "09ThreadPoolThatPrints\09ThreadPoolThatPrints.csproj", "{CD46F8AF-16FC-43D6-AE01-FADA8CC2DAB5}"
EndProject
Project("{9A19103F-16F7-4668-BE54-9A1E7A4F7556}") = "10ThreadInterruptDemo", "10ThreadInterruptDemo\10ThreadInterruptDemo.csproj", "{F141789B-A5B5-4CEF-99FC-EACEBC0FF86D}"
EndProject
Project("{9A19103F-16F7-4668-BE54-9A1E7A4F7556}") = "11ThreadAbortResetAbortDemo", "11ThreadAbortResetAbortDemo\11ThreadAbortResetAbortDemo.csproj", "{2DAC0D89-74B0-4524-8E6C-61BDD5A3E1EA}"
EndProject
Project("{9A19103F-16F7-4668-BE54-9A1E7A4F7556}") = "12ChildThreadUnhandledDemo", "12ChildThreadUnhandledDemo\12ChildThreadUnhandledDemo.csproj", "{A6AEC268-9037-418F-9905-CEA04E3A15B1}"
EndProject
Project("{FAE04EC0-301F-11D3-BF4B-00C04F79EFBC}") = "13ThreadAbortUnhandledNet472Demo", "13ThreadAbortUnhandledNet472Demo\13ThreadAbortUnhandledNet472Demo.csproj", "{4A96EF7E-C9A6-49F0-9D7F-BF63A4014D21}"
EndProject
Project("{9A19103F-16F7-4668-BE54-9A1E7A4F7556}") = "14LambdaCaptureQ2Demo", "14LambdaCaptureQ2Demo\14LambdaCaptureQ2Demo.csproj", "{651C1DDE-DD14-4D2D-9781-48C07C831839}"
EndProject
Project("{9A19103F-16F7-4668-BE54-9A1E7A4F7556}") = "15ThreadStartX2Q3Demo", "15ThreadStartX2Q3Demo\15ThreadStartX2Q3Demo.csproj", "{16086EE4-3B7B-4F98-A86E-450C33DBAE6E}"
EndProject
Project("{9A19103F-16F7-4668-BE54-9A1E7A4F7556}") = "16PingPongExample", "16PingPongExample\16PingPongExample.csproj", "{3B248423-6E01-4D00-874B-CAADC0F793E4}"
EndProject
Project("{9A19103F-16F7-4668-BE54-9A1E7A4F7556}") = "17MutexQ1", "17MutexQ1\17MutexQ1.csproj", "{502F28A9-FE3B-4156-88E1-C231B1D4AA82}"
EndProject
Project("{9A19103F-16F7-4668-BE54-9A1E7A4F7556}") = "18MutexQ2", "18MutexQ2\18MutexQ2.csproj", "{AC5E72DC-7E18-4040-97A4-7C98B3AD23B0}"
EndProject
Project("{9A19103F-16F7-4668-BE54-9A1E7A4F7556}") = "19MutexQ3", "19MutexQ3\19MutexQ3.csproj", "{8396B49E-713A-40D9-B9BF-B22D612C2F5B}"
EndProject
Project("{9A19103F-16F7-4668-BE54-9A1E7A4F7556}") = "20MutexQ4", "19MutexQ4\20MutexQ4.csproj", "{3162EFD0-DD4B-47EF-B36C-159C07CF94D2}"
EndProject
Project("{9A19103F-16F7-4668-BE54-9A1E7A4F7556}") = "21MutexQ5", "21MutexQ5\21MutexQ5.csproj", "{B8054058-B8CE-4E36-922B-0DD952ADF72C}"
EndProject
Project("{9A19103F-16F7-4668-BE54-9A1E7A4F7556}") = "22MutexQ6", "22MutexQ6\22MutexQ6.csproj", "{9433B013-AB87-4948-94A9-AD7460836C29}"
EndProject
Project("{9A19103F-16F7-4668-BE54-9A1E7A4F7556}") = "23MutexQ7", "23MutexQ7\23MutexQ7.csproj", "{0D24AA81-992F-4AB9-8B4F-CA26A1D8386C}"
EndProject
Project("{9A19103F-16F7-4668-BE54-9A1E7A4F7556}") = "24SemaphoreFullException", "24SemaphoreFullException\24SemaphoreFullException.csproj", "{146252A5-1AA7-4051-9116-041D2A1A9C9C}"
EndProject
Project("{9A19103F-16F7-4668-BE54-9A1E7A4F7556}") = "25MissedSignal", "25MissedSignal\25MissedSignal.csproj", "{6813A084-6177-4B65-B676-D5417555FBC6}"
EndProject
Project("{9A19103F-16F7-4668-BE54-9A1E7A4F7556}") = "26MissedSignalsFix", "26MissedSignalsFix\26MissedSignalsFix.csproj", "{E3D60307-4FB2-479B-92EF-7AA7E46ED244}"
EndProject
Project("{9A19103F-16F7-4668-BE54-9A1E7A4F7556}") = "27SemaphorePingPong", "27SemaphorePingPong\27SemaphorePingPong.csproj", "{3E6CEA99-0CB7-4FBD-BC6C-D9A4F16FC6A7}"
EndProject
Project("{9A19103F-16F7-4668-BE54-9A1E7A4F7556}") = "28SemaphorePingPong2", "28SemaphorePingPong2\28SemaphorePingPong2.csproj", "{D6CBB08B-C334-4B77-BA7B-6D03D33317C4}"
EndProject
Project("{9A19103F-16F7-4668-BE54-9A1E7A4F7556}") = "29NamedSemaphoreDemo", "29NamedSemaphoreDemo\29NamedSemaphoreDemo.csproj", "{EC6ED559-DBB3-46E6-B9E4-2608C2656140}"
EndProject
Project("{9A19103F-16F7-4668-BE54-9A1E7A4F7556}") = "30InterlockedDemo", "30InterlockedDemo\30InterlockedDemo.csproj", "{12A16902-EAFA-44AF-9776-6179E42315E6}"
EndProject
Project("{9A19103F-16F7-4668-BE54-9A1E7A4F7556}") = "31InterlockedPingPong", "31InterlockedPingPong\31InterlockedPingPong.csproj", "{76240919-CBCA-4FD6-9384-D3510ACC5501}"
EndProject
Project("{9A19103F-16F7-4668-BE54-9A1E7A4F7556}") = "32EventWaitHandle", "32EventWaitHandle\32EventWaitHandle.csproj", "{55B55E2A-1588-48E4-9E69-43672E0F565A}"
EndProject
Project("{9A19103F-16F7-4668-BE54-9A1E7A4F7556}") = "33AutoResetEventDemo", "33AutoResetEventDemo\33AutoResetEventDemo.csproj", "{6AF1FB1F-7BA0-4A4A-A7D0-D72D5AFE68FB}"
EndProject
Project("{9A19103F-16F7-4668-BE54-9A1E7A4F7556}") = "34ManualResetEvent", "34ManualResetEvent\34ManualResetEvent.csproj", "{2D071335-3370-401F-B41E-897EDE3B6025}"
EndProject
Project("{9A19103F-16F7-4668-BE54-9A1E7A4F7556}") = "35Monitor", "35Monitor\35Monitor.csproj", "{3AA35EEF-5BEE-4152-B034-9D9D574B5C39}"
EndProject
Project("{9A19103F-16F7-4668-BE54-9A1E7A4F7556}") = "36MonitorWaitException", "36MonitorWaitException\36MonitorWaitException.csproj", "{E14F0D88-FB4A-405D-A809-7152C6887170}"
EndProject
Project("{9A19103F-16F7-4668-BE54-9A1E7A4F7556}") = "37PrimeFinderMonitor", "37MonitorWaitCorrect\37PrimeFinderMonitor.csproj", "{DEFB8ECA-ECF5-427D-80B3-C23473224394}"
EndProject
Project("{9A19103F-16F7-4668-BE54-9A1E7A4F7556}") = "38PingPongMonitor", "38PingPongMonitor\38PingPongMonitor.csproj", "{4FAC8DB0-6D1C-4727-BCE8-F617C85C00C9}"
EndProject
Project("{9A19103F-16F7-4668-BE54-9A1E7A4F7556}") = "39ValueTypeMonitor", "39ValueTypeMonitor\39ValueTypeMonitor.csproj", "{844CA6BF-D2BE-4C81-B8A5-5AE9A9AEB22E}"
EndProject
Project("{9A19103F-16F7-4668-BE54-9A1E7A4F7556}") = "40ValueTypeMonitorWorks", "40ValueTypeMonitorWorks\40ValueTypeMonitorWorks.csproj", "{F8976679-3031-4A26-9D59-477DB7DBA0DC}"
EndProject
Project("{9A19103F-16F7-4668-BE54-9A1E7A4F7556}") = "41MonitorQ1", "41MonitorQ1\41MonitorQ1.csproj", "{176A8FCB-9AA8-4536-9508-61DA79FBE4EC}"
EndProject
Project("{9A19103F-16F7-4668-BE54-9A1E7A4F7556}") = "42MonitorQ2", "42MonitorQ2\42MonitorQ2.csproj", "{30BA85C6-5A34-4463-9F5E-EF605D05865F}"
EndProject
Project("{9A19103F-16F7-4668-BE54-9A1E7A4F7556}") = "43MonitorQ3", "43MonitorQ3\43MonitorQ3.csproj", "{E25EFAB9-D64D-49E4-8E36-90CEE23B43E8}"
EndProject
Project("{9A19103F-16F7-4668-BE54-9A1E7A4F7556}") = "44MonitorQ4", "44MonitorQ4\44MonitorQ4.csproj", "{2CD6170C-A9AB-4823-8E72-591D94A86A16}"
EndProject
Project("{9A19103F-16F7-4668-BE54-9A1E7A4F7556}") = "45LockPingPong", "45LockPingPong\45LockPingPong.csproj", "{C4914B9B-61A7-4B8E-BFE2-56B920915D11}"
EndProject
Project("{9A19103F-16F7-4668-BE54-9A1E7A4F7556}") = "46LockQ1", "46LockQ1\46LockQ1.csproj", "{3820BE38-E1EC-4765-BA96-214990B34DBA}"
EndProject
Project("{9A19103F-16F7-4668-BE54-9A1E7A4F7556}") = "47PingPongSpinLock", "47PingPongSpinLock\47PingPongSpinLock.csproj", "{5EE1DB58-2202-4CBD-A032-14942B034D99}"
EndProject
Project("{9A19103F-16F7-4668-BE54-9A1E7A4F7556}") = "48PingPongSpinWait", "48PingPongSpinWait\48PingPongSpinWait.csproj", "{DEB61C22-F673-426C-AA15-89D7BD1F703D}"
EndProject
Project("{9A19103F-16F7-4668-BE54-9A1E7A4F7556}") = "49Barrier", "49Barrier\49Barrier.csproj", "{346D7ADF-37E1-429F-BFD7-324F046EFEA7}"
EndProject
Project("{9A19103F-16F7-4668-BE54-9A1E7A4F7556}") = "50CountDownEvent", "50CountDownEvent\50CountDownEvent.csproj", "{E5E68392-31CD-4A54-8297-5DFD05F40B2A}"
EndProject
Project("{9A19103F-16F7-4668-BE54-9A1E7A4F7556}") = "51ThreadLocal", "51ThreadLocal\51ThreadLocal.csproj", "{15449AE2-501E-40DD-B5FC-E08873D8D9BD}"
EndProject
Project("{9A19103F-16F7-4668-BE54-9A1E7A4F7556}") = "52TaskExample", "52TaskExample\52TaskExample.csproj", "{AFF2EBDF-6EF1-4676-BB24-F9F706B6F741}"
EndProject
Project("{9A19103F-16F7-4668-BE54-9A1E7A4F7556}") = "53TaskResultsDemo", "53TaskResultsDemo\53TaskResultsDemo.csproj", "{94531F3D-2F8C-41DC-95BD-11D854B6732B}"
EndProject
Project("{9A19103F-16F7-4668-BE54-9A1E7A4F7556}") = "54TaskFactoryDemo", "54TaskFactoryDemo\54TaskFactoryDemo.csproj", "{72266B58-EE89-4310-9DE5-86E10F664E76}"
EndProject
Project("{9A19103F-16F7-4668-BE54-9A1E7A4F7556}") = "55TaskContinuationDemo", "55TaskContinuationDemo\55TaskContinuationDemo.csproj", "{05B90839-7E3A-4705-8B91-FB16721328FA}"
EndProject
Project("{9A19103F-16F7-4668-BE54-9A1E7A4F7556}") = "56MemoryModel", "56MemoryModel\56MemoryModel.csproj", "{16B8852F-F466-4A1F-B32E-C7B508A7AE00}"
EndProject
Project("{9A19103F-16F7-4668-BE54-9A1E7A4F7556}") = "57MemoryBarrier1", "57MemoryBarrier1\57MemoryBarrier1.csproj", "{6CC7F476-E791-4294-8B22-2124C0D5752F}"
EndProject
Project("{9A19103F-16F7-4668-BE54-9A1E7A4F7556}") = "58MemoryBarrier2", "58MemoryBarrier2\58MemoryBarrier2.csproj", "{E0720A52-2AC2-42EC-A7E6-EC096B126F2B}"
EndProject
Project("{9A19103F-16F7-4668-BE54-9A1E7A4F7556}") = "59PollingLoopPattern", "59PollingLoopPattern\59PollingLoopPattern.csproj", "{4F00A880-4AB5-4FA4-8E57-F21A115C639B}"
EndProject
Project("{9A19103F-16F7-4668-BE54-9A1E7A4F7556}") = "60AsyncSleepDemo1", "60AsyncSleepDemo1\60AsyncSleepDemo1.csproj", "{A1394E78-3BF3-4AF7-96A1-0E8014C537C9}"
EndProject
Project("{9A19103F-16F7-4668-BE54-9A1E7A4F7556}") = "61AsyncSleepDemo2", "61AsyncSleepDemo2\61AsyncSleepDemo2.csproj", "{4D6C3E24-BD87-47F8-8BEF-95C615CD278F}"
EndProject
Project("{9A19103F-16F7-4668-BE54-9A1E7A4F7556}") = "62AsyncSleepDemo3", "62AsyncSleepDemo3\62AsyncSleepDemo3.csproj", "{1B512047-F60B-4212-ADCC-14420F009D2B}"
EndProject
Project("{9A19103F-16F7-4668-BE54-9A1E7A4F7556}") = "63AsyncSleepTask", "63AsyncSleepTask\63AsyncSleepTask.csproj", "{0590FA42-4813-4B79-8E3B-10D637656DBA}"
EndProject
Project("{9A19103F-16F7-4668-BE54-9A1E7A4F7556}") = "64AsyncSleep3Awaits", "64AsyncSleep3Awaits\64AsyncSleep3Awaits.csproj", "{ADDC090A-12FF-4039-8FD5-63CE056FBE1F}"
EndProject
Project("{9A19103F-16F7-4668-BE54-9A1E7A4F7556}") = "65AsyncSleep3Calls", "65AsyncSleep3Calls\65AsyncSleep3Calls.csproj", "{28181383-3C69-4DA4-819C-BA5B116FF95C}"
EndProject
Project("{FAE04EC0-301F-11D3-BF4B-00C04F79EFBC}") = "66AsyncSleepWhenAll", "66AsyncSleepWhenAll\66AsyncSleepWhenAll.csproj", "{69DF3E02-2E1C-45DA-B43E-C8A634E3CD32}"
EndProject
Global
	GlobalSection(SolutionConfigurationPlatforms) = preSolution
		Debug|Any CPU = Debug|Any CPU
		Release|Any CPU = Release|Any CPU
	EndGlobalSection
	GlobalSection(ProjectConfigurationPlatforms) = postSolution
		{D733A861-D4B8-433E-B015-DF288748C305}.Debug|Any CPU.ActiveCfg = Debug|Any CPU
		{D733A861-D4B8-433E-B015-DF288748C305}.Debug|Any CPU.Build.0 = Debug|Any CPU
		{D733A861-D4B8-433E-B015-DF288748C305}.Release|Any CPU.ActiveCfg = Release|Any CPU
		{D733A861-D4B8-433E-B015-DF288748C305}.Release|Any CPU.Build.0 = Release|Any CPU
		{AD8DF002-0D4E-4BCE-8B0E-FED65B3B439B}.Debug|Any CPU.ActiveCfg = Debug|Any CPU
		{AD8DF002-0D4E-4BCE-8B0E-FED65B3B439B}.Debug|Any CPU.Build.0 = Debug|Any CPU
		{AD8DF002-0D4E-4BCE-8B0E-FED65B3B439B}.Release|Any CPU.ActiveCfg = Release|Any CPU
		{AD8DF002-0D4E-4BCE-8B0E-FED65B3B439B}.Release|Any CPU.Build.0 = Release|Any CPU
		{B2F76EED-F3F8-48F6-A065-4C4AFCFB964E}.Debug|Any CPU.ActiveCfg = Debug|Any CPU
		{B2F76EED-F3F8-48F6-A065-4C4AFCFB964E}.Debug|Any CPU.Build.0 = Debug|Any CPU
		{B2F76EED-F3F8-48F6-A065-4C4AFCFB964E}.Release|Any CPU.ActiveCfg = Release|Any CPU
		{B2F76EED-F3F8-48F6-A065-4C4AFCFB964E}.Release|Any CPU.Build.0 = Release|Any CPU
		{53307635-69EB-4DFB-AE7D-D8EF7F11EC2E}.Debug|Any CPU.ActiveCfg = Debug|Any CPU
		{53307635-69EB-4DFB-AE7D-D8EF7F11EC2E}.Debug|Any CPU.Build.0 = Debug|Any CPU
		{53307635-69EB-4DFB-AE7D-D8EF7F11EC2E}.Release|Any CPU.ActiveCfg = Release|Any CPU
		{53307635-69EB-4DFB-AE7D-D8EF7F11EC2E}.Release|Any CPU.Build.0 = Release|Any CPU
		{ABABC95C-4078-424C-89C8-114BCF4D2CC1}.Debug|Any CPU.ActiveCfg = Debug|Any CPU
		{ABABC95C-4078-424C-89C8-114BCF4D2CC1}.Debug|Any CPU.Build.0 = Debug|Any CPU
		{ABABC95C-4078-424C-89C8-114BCF4D2CC1}.Release|Any CPU.ActiveCfg = Release|Any CPU
		{ABABC95C-4078-424C-89C8-114BCF4D2CC1}.Release|Any CPU.Build.0 = Release|Any CPU
		{360D3A49-89AB-4A72-9958-814CC3811857}.Debug|Any CPU.ActiveCfg = Debug|Any CPU
		{360D3A49-89AB-4A72-9958-814CC3811857}.Debug|Any CPU.Build.0 = Debug|Any CPU
		{360D3A49-89AB-4A72-9958-814CC3811857}.Release|Any CPU.ActiveCfg = Release|Any CPU
		{360D3A49-89AB-4A72-9958-814CC3811857}.Release|Any CPU.Build.0 = Release|Any CPU
		{948866C7-0F81-469B-B330-B58609B0CCB8}.Debug|Any CPU.ActiveCfg = Debug|Any CPU
		{948866C7-0F81-469B-B330-B58609B0CCB8}.Debug|Any CPU.Build.0 = Debug|Any CPU
		{948866C7-0F81-469B-B330-B58609B0CCB8}.Release|Any CPU.ActiveCfg = Release|Any CPU
		{948866C7-0F81-469B-B330-B58609B0CCB8}.Release|Any CPU.Build.0 = Release|Any CPU
		{34128F84-DCD7-4402-B39A-251B10A3E86F}.Debug|Any CPU.ActiveCfg = Debug|Any CPU
		{34128F84-DCD7-4402-B39A-251B10A3E86F}.Debug|Any CPU.Build.0 = Debug|Any CPU
		{34128F84-DCD7-4402-B39A-251B10A3E86F}.Release|Any CPU.ActiveCfg = Release|Any CPU
		{34128F84-DCD7-4402-B39A-251B10A3E86F}.Release|Any CPU.Build.0 = Release|Any CPU
		{BFDA2757-0477-4DE5-8634-5BF1F4E01F2C}.Debug|Any CPU.ActiveCfg = Debug|Any CPU
		{BFDA2757-0477-4DE5-8634-5BF1F4E01F2C}.Debug|Any CPU.Build.0 = Debug|Any CPU
		{BFDA2757-0477-4DE5-8634-5BF1F4E01F2C}.Release|Any CPU.ActiveCfg = Release|Any CPU
		{BFDA2757-0477-4DE5-8634-5BF1F4E01F2C}.Release|Any CPU.Build.0 = Release|Any CPU
		{CD46F8AF-16FC-43D6-AE01-FADA8CC2DAB5}.Debug|Any CPU.ActiveCfg = Debug|Any CPU
		{CD46F8AF-16FC-43D6-AE01-FADA8CC2DAB5}.Debug|Any CPU.Build.0 = Debug|Any CPU
		{CD46F8AF-16FC-43D6-AE01-FADA8CC2DAB5}.Release|Any CPU.ActiveCfg = Release|Any CPU
		{CD46F8AF-16FC-43D6-AE01-FADA8CC2DAB5}.Release|Any CPU.Build.0 = Release|Any CPU
		{F141789B-A5B5-4CEF-99FC-EACEBC0FF86D}.Debug|Any CPU.ActiveCfg = Debug|Any CPU
		{F141789B-A5B5-4CEF-99FC-EACEBC0FF86D}.Debug|Any CPU.Build.0 = Debug|Any CPU
		{F141789B-A5B5-4CEF-99FC-EACEBC0FF86D}.Release|Any CPU.ActiveCfg = Release|Any CPU
		{F141789B-A5B5-4CEF-99FC-EACEBC0FF86D}.Release|Any CPU.Build.0 = Release|Any CPU
		{2DAC0D89-74B0-4524-8E6C-61BDD5A3E1EA}.Debug|Any CPU.ActiveCfg = Debug|Any CPU
		{2DAC0D89-74B0-4524-8E6C-61BDD5A3E1EA}.Debug|Any CPU.Build.0 = Debug|Any CPU
		{2DAC0D89-74B0-4524-8E6C-61BDD5A3E1EA}.Release|Any CPU.ActiveCfg = Release|Any CPU
		{2DAC0D89-74B0-4524-8E6C-61BDD5A3E1EA}.Release|Any CPU.Build.0 = Release|Any CPU
		{A6AEC268-9037-418F-9905-CEA04E3A15B1}.Debug|Any CPU.ActiveCfg = Debug|Any CPU
		{A6AEC268-9037-418F-9905-CEA04E3A15B1}.Debug|Any CPU.Build.0 = Debug|Any CPU
		{A6AEC268-9037-418F-9905-CEA04E3A15B1}.Release|Any CPU.ActiveCfg = Release|Any CPU
		{A6AEC268-9037-418F-9905-CEA04E3A15B1}.Release|Any CPU.Build.0 = Release|Any CPU
		{4A96EF7E-C9A6-49F0-9D7F-BF63A4014D21}.Debug|Any CPU.ActiveCfg = Debug|Any CPU
		{4A96EF7E-C9A6-49F0-9D7F-BF63A4014D21}.Debug|Any CPU.Build.0 = Debug|Any CPU
		{4A96EF7E-C9A6-49F0-9D7F-BF63A4014D21}.Release|Any CPU.ActiveCfg = Release|Any CPU
		{4A96EF7E-C9A6-49F0-9D7F-BF63A4014D21}.Release|Any CPU.Build.0 = Release|Any CPU
		{651C1DDE-DD14-4D2D-9781-48C07C831839}.Debug|Any CPU.ActiveCfg = Debug|Any CPU
		{651C1DDE-DD14-4D2D-9781-48C07C831839}.Debug|Any CPU.Build.0 = Debug|Any CPU
		{651C1DDE-DD14-4D2D-9781-48C07C831839}.Release|Any CPU.ActiveCfg = Release|Any CPU
		{651C1DDE-DD14-4D2D-9781-48C07C831839}.Release|Any CPU.Build.0 = Release|Any CPU
		{16086EE4-3B7B-4F98-A86E-450C33DBAE6E}.Debug|Any CPU.ActiveCfg = Debug|Any CPU
		{16086EE4-3B7B-4F98-A86E-450C33DBAE6E}.Debug|Any CPU.Build.0 = Debug|Any CPU
		{16086EE4-3B7B-4F98-A86E-450C33DBAE6E}.Release|Any CPU.ActiveCfg = Release|Any CPU
		{16086EE4-3B7B-4F98-A86E-450C33DBAE6E}.Release|Any CPU.Build.0 = Release|Any CPU
		{3B248423-6E01-4D00-874B-CAADC0F793E4}.Debug|Any CPU.ActiveCfg = Debug|Any CPU
		{3B248423-6E01-4D00-874B-CAADC0F793E4}.Debug|Any CPU.Build.0 = Debug|Any CPU
		{3B248423-6E01-4D00-874B-CAADC0F793E4}.Release|Any CPU.ActiveCfg = Release|Any CPU
		{3B248423-6E01-4D00-874B-CAADC0F793E4}.Release|Any CPU.Build.0 = Release|Any CPU
		{502F28A9-FE3B-4156-88E1-C231B1D4AA82}.Debug|Any CPU.ActiveCfg = Debug|Any CPU
		{502F28A9-FE3B-4156-88E1-C231B1D4AA82}.Debug|Any CPU.Build.0 = Debug|Any CPU
		{502F28A9-FE3B-4156-88E1-C231B1D4AA82}.Release|Any CPU.ActiveCfg = Release|Any CPU
		{502F28A9-FE3B-4156-88E1-C231B1D4AA82}.Release|Any CPU.Build.0 = Release|Any CPU
		{AC5E72DC-7E18-4040-97A4-7C98B3AD23B0}.Debug|Any CPU.ActiveCfg = Debug|Any CPU
		{AC5E72DC-7E18-4040-97A4-7C98B3AD23B0}.Debug|Any CPU.Build.0 = Debug|Any CPU
		{AC5E72DC-7E18-4040-97A4-7C98B3AD23B0}.Release|Any CPU.ActiveCfg = Release|Any CPU
		{AC5E72DC-7E18-4040-97A4-7C98B3AD23B0}.Release|Any CPU.Build.0 = Release|Any CPU
		{8396B49E-713A-40D9-B9BF-B22D612C2F5B}.Debug|Any CPU.ActiveCfg = Debug|Any CPU
		{8396B49E-713A-40D9-B9BF-B22D612C2F5B}.Debug|Any CPU.Build.0 = Debug|Any CPU
		{8396B49E-713A-40D9-B9BF-B22D612C2F5B}.Release|Any CPU.ActiveCfg = Release|Any CPU
		{8396B49E-713A-40D9-B9BF-B22D612C2F5B}.Release|Any CPU.Build.0 = Release|Any CPU
		{3162EFD0-DD4B-47EF-B36C-159C07CF94D2}.Debug|Any CPU.ActiveCfg = Debug|Any CPU
		{3162EFD0-DD4B-47EF-B36C-159C07CF94D2}.Debug|Any CPU.Build.0 = Debug|Any CPU
		{3162EFD0-DD4B-47EF-B36C-159C07CF94D2}.Release|Any CPU.ActiveCfg = Release|Any CPU
		{3162EFD0-DD4B-47EF-B36C-159C07CF94D2}.Release|Any CPU.Build.0 = Release|Any CPU
		{B8054058-B8CE-4E36-922B-0DD952ADF72C}.Debug|Any CPU.ActiveCfg = Debug|Any CPU
		{B8054058-B8CE-4E36-922B-0DD952ADF72C}.Debug|Any CPU.Build.0 = Debug|Any CPU
		{B8054058-B8CE-4E36-922B-0DD952ADF72C}.Release|Any CPU.ActiveCfg = Release|Any CPU
		{B8054058-B8CE-4E36-922B-0DD952ADF72C}.Release|Any CPU.Build.0 = Release|Any CPU
		{9433B013-AB87-4948-94A9-AD7460836C29}.Debug|Any CPU.ActiveCfg = Debug|Any CPU
		{9433B013-AB87-4948-94A9-AD7460836C29}.Debug|Any CPU.Build.0 = Debug|Any CPU
		{9433B013-AB87-4948-94A9-AD7460836C29}.Release|Any CPU.ActiveCfg = Release|Any CPU
		{9433B013-AB87-4948-94A9-AD7460836C29}.Release|Any CPU.Build.0 = Release|Any CPU
		{0D24AA81-992F-4AB9-8B4F-CA26A1D8386C}.Debug|Any CPU.ActiveCfg = Debug|Any CPU
		{0D24AA81-992F-4AB9-8B4F-CA26A1D8386C}.Debug|Any CPU.Build.0 = Debug|Any CPU
		{0D24AA81-992F-4AB9-8B4F-CA26A1D8386C}.Release|Any CPU.ActiveCfg = Release|Any CPU
		{0D24AA81-992F-4AB9-8B4F-CA26A1D8386C}.Release|Any CPU.Build.0 = Release|Any CPU
		{146252A5-1AA7-4051-9116-041D2A1A9C9C}.Debug|Any CPU.ActiveCfg = Debug|Any CPU
		{146252A5-1AA7-4051-9116-041D2A1A9C9C}.Debug|Any CPU.Build.0 = Debug|Any CPU
		{146252A5-1AA7-4051-9116-041D2A1A9C9C}.Release|Any CPU.ActiveCfg = Release|Any CPU
		{146252A5-1AA7-4051-9116-041D2A1A9C9C}.Release|Any CPU.Build.0 = Release|Any CPU
		{6813A084-6177-4B65-B676-D5417555FBC6}.Debug|Any CPU.ActiveCfg = Debug|Any CPU
		{6813A084-6177-4B65-B676-D5417555FBC6}.Debug|Any CPU.Build.0 = Debug|Any CPU
		{6813A084-6177-4B65-B676-D5417555FBC6}.Release|Any CPU.ActiveCfg = Release|Any CPU
		{6813A084-6177-4B65-B676-D5417555FBC6}.Release|Any CPU.Build.0 = Release|Any CPU
		{E3D60307-4FB2-479B-92EF-7AA7E46ED244}.Debug|Any CPU.ActiveCfg = Debug|Any CPU
		{E3D60307-4FB2-479B-92EF-7AA7E46ED244}.Debug|Any CPU.Build.0 = Debug|Any CPU
		{E3D60307-4FB2-479B-92EF-7AA7E46ED244}.Release|Any CPU.ActiveCfg = Release|Any CPU
		{E3D60307-4FB2-479B-92EF-7AA7E46ED244}.Release|Any CPU.Build.0 = Release|Any CPU
		{3E6CEA99-0CB7-4FBD-BC6C-D9A4F16FC6A7}.Debug|Any CPU.ActiveCfg = Debug|Any CPU
		{3E6CEA99-0CB7-4FBD-BC6C-D9A4F16FC6A7}.Debug|Any CPU.Build.0 = Debug|Any CPU
		{3E6CEA99-0CB7-4FBD-BC6C-D9A4F16FC6A7}.Release|Any CPU.ActiveCfg = Release|Any CPU
		{3E6CEA99-0CB7-4FBD-BC6C-D9A4F16FC6A7}.Release|Any CPU.Build.0 = Release|Any CPU
		{D6CBB08B-C334-4B77-BA7B-6D03D33317C4}.Debug|Any CPU.ActiveCfg = Debug|Any CPU
		{D6CBB08B-C334-4B77-BA7B-6D03D33317C4}.Debug|Any CPU.Build.0 = Debug|Any CPU
		{D6CBB08B-C334-4B77-BA7B-6D03D33317C4}.Release|Any CPU.ActiveCfg = Release|Any CPU
		{D6CBB08B-C334-4B77-BA7B-6D03D33317C4}.Release|Any CPU.Build.0 = Release|Any CPU
		{EC6ED559-DBB3-46E6-B9E4-2608C2656140}.Debug|Any CPU.ActiveCfg = Debug|Any CPU
		{EC6ED559-DBB3-46E6-B9E4-2608C2656140}.Debug|Any CPU.Build.0 = Debug|Any CPU
		{EC6ED559-DBB3-46E6-B9E4-2608C2656140}.Release|Any CPU.ActiveCfg = Release|Any CPU
		{EC6ED559-DBB3-46E6-B9E4-2608C2656140}.Release|Any CPU.Build.0 = Release|Any CPU
		{12A16902-EAFA-44AF-9776-6179E42315E6}.Debug|Any CPU.ActiveCfg = Debug|Any CPU
		{12A16902-EAFA-44AF-9776-6179E42315E6}.Debug|Any CPU.Build.0 = Debug|Any CPU
		{12A16902-EAFA-44AF-9776-6179E42315E6}.Release|Any CPU.ActiveCfg = Release|Any CPU
		{12A16902-EAFA-44AF-9776-6179E42315E6}.Release|Any CPU.Build.0 = Release|Any CPU
		{76240919-CBCA-4FD6-9384-D3510ACC5501}.Debug|Any CPU.ActiveCfg = Debug|Any CPU
		{76240919-CBCA-4FD6-9384-D3510ACC5501}.Debug|Any CPU.Build.0 = Debug|Any CPU
		{76240919-CBCA-4FD6-9384-D3510ACC5501}.Release|Any CPU.ActiveCfg = Release|Any CPU
		{76240919-CBCA-4FD6-9384-D3510ACC5501}.Release|Any CPU.Build.0 = Release|Any CPU
		{55B55E2A-1588-48E4-9E69-43672E0F565A}.Debug|Any CPU.ActiveCfg = Debug|Any CPU
		{55B55E2A-1588-48E4-9E69-43672E0F565A}.Debug|Any CPU.Build.0 = Debug|Any CPU
		{55B55E2A-1588-48E4-9E69-43672E0F565A}.Release|Any CPU.ActiveCfg = Release|Any CPU
		{55B55E2A-1588-48E4-9E69-43672E0F565A}.Release|Any CPU.Build.0 = Release|Any CPU
		{6AF1FB1F-7BA0-4A4A-A7D0-D72D5AFE68FB}.Debug|Any CPU.ActiveCfg = Debug|Any CPU
		{6AF1FB1F-7BA0-4A4A-A7D0-D72D5AFE68FB}.Debug|Any CPU.Build.0 = Debug|Any CPU
		{6AF1FB1F-7BA0-4A4A-A7D0-D72D5AFE68FB}.Release|Any CPU.ActiveCfg = Release|Any CPU
		{6AF1FB1F-7BA0-4A4A-A7D0-D72D5AFE68FB}.Release|Any CPU.Build.0 = Release|Any CPU
		{2D071335-3370-401F-B41E-897EDE3B6025}.Debug|Any CPU.ActiveCfg = Debug|Any CPU
		{2D071335-3370-401F-B41E-897EDE3B6025}.Debug|Any CPU.Build.0 = Debug|Any CPU
		{2D071335-3370-401F-B41E-897EDE3B6025}.Release|Any CPU.ActiveCfg = Release|Any CPU
		{2D071335-3370-401F-B41E-897EDE3B6025}.Release|Any CPU.Build.0 = Release|Any CPU
		{3AA35EEF-5BEE-4152-B034-9D9D574B5C39}.Debug|Any CPU.ActiveCfg = Debug|Any CPU
		{3AA35EEF-5BEE-4152-B034-9D9D574B5C39}.Debug|Any CPU.Build.0 = Debug|Any CPU
		{3AA35EEF-5BEE-4152-B034-9D9D574B5C39}.Release|Any CPU.ActiveCfg = Release|Any CPU
		{3AA35EEF-5BEE-4152-B034-9D9D574B5C39}.Release|Any CPU.Build.0 = Release|Any CPU
		{E14F0D88-FB4A-405D-A809-7152C6887170}.Debug|Any CPU.ActiveCfg = Debug|Any CPU
		{E14F0D88-FB4A-405D-A809-7152C6887170}.Debug|Any CPU.Build.0 = Debug|Any CPU
		{E14F0D88-FB4A-405D-A809-7152C6887170}.Release|Any CPU.ActiveCfg = Release|Any CPU
		{E14F0D88-FB4A-405D-A809-7152C6887170}.Release|Any CPU.Build.0 = Release|Any CPU
		{DEFB8ECA-ECF5-427D-80B3-C23473224394}.Debug|Any CPU.ActiveCfg = Debug|Any CPU
		{DEFB8ECA-ECF5-427D-80B3-C23473224394}.Debug|Any CPU.Build.0 = Debug|Any CPU
		{DEFB8ECA-ECF5-427D-80B3-C23473224394}.Release|Any CPU.ActiveCfg = Release|Any CPU
		{DEFB8ECA-ECF5-427D-80B3-C23473224394}.Release|Any CPU.Build.0 = Release|Any CPU
		{4FAC8DB0-6D1C-4727-BCE8-F617C85C00C9}.Debug|Any CPU.ActiveCfg = Debug|Any CPU
		{4FAC8DB0-6D1C-4727-BCE8-F617C85C00C9}.Debug|Any CPU.Build.0 = Debug|Any CPU
		{4FAC8DB0-6D1C-4727-BCE8-F617C85C00C9}.Release|Any CPU.ActiveCfg = Release|Any CPU
		{4FAC8DB0-6D1C-4727-BCE8-F617C85C00C9}.Release|Any CPU.Build.0 = Release|Any CPU
		{844CA6BF-D2BE-4C81-B8A5-5AE9A9AEB22E}.Debug|Any CPU.ActiveCfg = Debug|Any CPU
		{844CA6BF-D2BE-4C81-B8A5-5AE9A9AEB22E}.Debug|Any CPU.Build.0 = Debug|Any CPU
		{844CA6BF-D2BE-4C81-B8A5-5AE9A9AEB22E}.Release|Any CPU.ActiveCfg = Release|Any CPU
		{844CA6BF-D2BE-4C81-B8A5-5AE9A9AEB22E}.Release|Any CPU.Build.0 = Release|Any CPU
		{F8976679-3031-4A26-9D59-477DB7DBA0DC}.Debug|Any CPU.ActiveCfg = Debug|Any CPU
		{F8976679-3031-4A26-9D59-477DB7DBA0DC}.Debug|Any CPU.Build.0 = Debug|Any CPU
		{F8976679-3031-4A26-9D59-477DB7DBA0DC}.Release|Any CPU.ActiveCfg = Release|Any CPU
		{F8976679-3031-4A26-9D59-477DB7DBA0DC}.Release|Any CPU.Build.0 = Release|Any CPU
		{176A8FCB-9AA8-4536-9508-61DA79FBE4EC}.Debug|Any CPU.ActiveCfg = Debug|Any CPU
		{176A8FCB-9AA8-4536-9508-61DA79FBE4EC}.Debug|Any CPU.Build.0 = Debug|Any CPU
		{176A8FCB-9AA8-4536-9508-61DA79FBE4EC}.Release|Any CPU.ActiveCfg = Release|Any CPU
		{176A8FCB-9AA8-4536-9508-61DA79FBE4EC}.Release|Any CPU.Build.0 = Release|Any CPU
		{30BA85C6-5A34-4463-9F5E-EF605D05865F}.Debug|Any CPU.ActiveCfg = Debug|Any CPU
		{30BA85C6-5A34-4463-9F5E-EF605D05865F}.Debug|Any CPU.Build.0 = Debug|Any CPU
		{30BA85C6-5A34-4463-9F5E-EF605D05865F}.Release|Any CPU.ActiveCfg = Release|Any CPU
		{30BA85C6-5A34-4463-9F5E-EF605D05865F}.Release|Any CPU.Build.0 = Release|Any CPU
		{E25EFAB9-D64D-49E4-8E36-90CEE23B43E8}.Debug|Any CPU.ActiveCfg = Debug|Any CPU
		{E25EFAB9-D64D-49E4-8E36-90CEE23B43E8}.Debug|Any CPU.Build.0 = Debug|Any CPU
		{E25EFAB9-D64D-49E4-8E36-90CEE23B43E8}.Release|Any CPU.ActiveCfg = Release|Any CPU
		{E25EFAB9-D64D-49E4-8E36-90CEE23B43E8}.Release|Any CPU.Build.0 = Release|Any CPU
		{2CD6170C-A9AB-4823-8E72-591D94A86A16}.Debug|Any CPU.ActiveCfg = Debug|Any CPU
		{2CD6170C-A9AB-4823-8E72-591D94A86A16}.Debug|Any CPU.Build.0 = Debug|Any CPU
		{2CD6170C-A9AB-4823-8E72-591D94A86A16}.Release|Any CPU.ActiveCfg = Release|Any CPU
		{2CD6170C-A9AB-4823-8E72-591D94A86A16}.Release|Any CPU.Build.0 = Release|Any CPU
		{C4914B9B-61A7-4B8E-BFE2-56B920915D11}.Debug|Any CPU.ActiveCfg = Debug|Any CPU
		{C4914B9B-61A7-4B8E-BFE2-56B920915D11}.Debug|Any CPU.Build.0 = Debug|Any CPU
		{C4914B9B-61A7-4B8E-BFE2-56B920915D11}.Release|Any CPU.ActiveCfg = Release|Any CPU
		{C4914B9B-61A7-4B8E-BFE2-56B920915D11}.Release|Any CPU.Build.0 = Release|Any CPU
		{3820BE38-E1EC-4765-BA96-214990B34DBA}.Debug|Any CPU.ActiveCfg = Debug|Any CPU
		{3820BE38-E1EC-4765-BA96-214990B34DBA}.Debug|Any CPU.Build.0 = Debug|Any CPU
		{3820BE38-E1EC-4765-BA96-214990B34DBA}.Release|Any CPU.ActiveCfg = Release|Any CPU
		{3820BE38-E1EC-4765-BA96-214990B34DBA}.Release|Any CPU.Build.0 = Release|Any CPU
		{5EE1DB58-2202-4CBD-A032-14942B034D99}.Debug|Any CPU.ActiveCfg = Debug|Any CPU
		{5EE1DB58-2202-4CBD-A032-14942B034D99}.Debug|Any CPU.Build.0 = Debug|Any CPU
		{5EE1DB58-2202-4CBD-A032-14942B034D99}.Release|Any CPU.ActiveCfg = Release|Any CPU
		{5EE1DB58-2202-4CBD-A032-14942B034D99}.Release|Any CPU.Build.0 = Release|Any CPU
		{DEB61C22-F673-426C-AA15-89D7BD1F703D}.Debug|Any CPU.ActiveCfg = Debug|Any CPU
		{DEB61C22-F673-426C-AA15-89D7BD1F703D}.Debug|Any CPU.Build.0 = Debug|Any CPU
		{DEB61C22-F673-426C-AA15-89D7BD1F703D}.Release|Any CPU.ActiveCfg = Release|Any CPU
		{DEB61C22-F673-426C-AA15-89D7BD1F703D}.Release|Any CPU.Build.0 = Release|Any CPU
		{346D7ADF-37E1-429F-BFD7-324F046EFEA7}.Debug|Any CPU.ActiveCfg = Debug|Any CPU
		{346D7ADF-37E1-429F-BFD7-324F046EFEA7}.Debug|Any CPU.Build.0 = Debug|Any CPU
		{346D7ADF-37E1-429F-BFD7-324F046EFEA7}.Release|Any CPU.ActiveCfg = Release|Any CPU
		{346D7ADF-37E1-429F-BFD7-324F046EFEA7}.Release|Any CPU.Build.0 = Release|Any CPU
		{E5E68392-31CD-4A54-8297-5DFD05F40B2A}.Debug|Any CPU.ActiveCfg = Debug|Any CPU
		{E5E68392-31CD-4A54-8297-5DFD05F40B2A}.Debug|Any CPU.Build.0 = Debug|Any CPU
		{E5E68392-31CD-4A54-8297-5DFD05F40B2A}.Release|Any CPU.ActiveCfg = Release|Any CPU
		{E5E68392-31CD-4A54-8297-5DFD05F40B2A}.Release|Any CPU.Build.0 = Release|Any CPU
		{15449AE2-501E-40DD-B5FC-E08873D8D9BD}.Debug|Any CPU.ActiveCfg = Debug|Any CPU
		{15449AE2-501E-40DD-B5FC-E08873D8D9BD}.Debug|Any CPU.Build.0 = Debug|Any CPU
		{15449AE2-501E-40DD-B5FC-E08873D8D9BD}.Release|Any CPU.ActiveCfg = Release|Any CPU
		{15449AE2-501E-40DD-B5FC-E08873D8D9BD}.Release|Any CPU.Build.0 = Release|Any CPU
		{AFF2EBDF-6EF1-4676-BB24-F9F706B6F741}.Debug|Any CPU.ActiveCfg = Debug|Any CPU
		{AFF2EBDF-6EF1-4676-BB24-F9F706B6F741}.Debug|Any CPU.Build.0 = Debug|Any CPU
		{AFF2EBDF-6EF1-4676-BB24-F9F706B6F741}.Release|Any CPU.ActiveCfg = Release|Any CPU
		{AFF2EBDF-6EF1-4676-BB24-F9F706B6F741}.Release|Any CPU.Build.0 = Release|Any CPU
		{94531F3D-2F8C-41DC-95BD-11D854B6732B}.Debug|Any CPU.ActiveCfg = Debug|Any CPU
		{94531F3D-2F8C-41DC-95BD-11D854B6732B}.Debug|Any CPU.Build.0 = Debug|Any CPU
		{94531F3D-2F8C-41DC-95BD-11D854B6732B}.Release|Any CPU.ActiveCfg = Release|Any CPU
		{94531F3D-2F8C-41DC-95BD-11D854B6732B}.Release|Any CPU.Build.0 = Release|Any CPU
		{72266B58-EE89-4310-9DE5-86E10F664E76}.Debug|Any CPU.ActiveCfg = Debug|Any CPU
		{72266B58-EE89-4310-9DE5-86E10F664E76}.Debug|Any CPU.Build.0 = Debug|Any CPU
		{72266B58-EE89-4310-9DE5-86E10F664E76}.Release|Any CPU.ActiveCfg = Release|Any CPU
		{72266B58-EE89-4310-9DE5-86E10F664E76}.Release|Any CPU.Build.0 = Release|Any CPU
		{05B90839-7E3A-4705-8B91-FB16721328FA}.Debug|Any CPU.ActiveCfg = Debug|Any CPU
		{05B90839-7E3A-4705-8B91-FB16721328FA}.Debug|Any CPU.Build.0 = Debug|Any CPU
		{05B90839-7E3A-4705-8B91-FB16721328FA}.Release|Any CPU.ActiveCfg = Release|Any CPU
		{05B90839-7E3A-4705-8B91-FB16721328FA}.Release|Any CPU.Build.0 = Release|Any CPU
		{16B8852F-F466-4A1F-B32E-C7B508A7AE00}.Debug|Any CPU.ActiveCfg = Debug|Any CPU
		{16B8852F-F466-4A1F-B32E-C7B508A7AE00}.Debug|Any CPU.Build.0 = Debug|Any CPU
		{16B8852F-F466-4A1F-B32E-C7B508A7AE00}.Release|Any CPU.ActiveCfg = Release|Any CPU
		{16B8852F-F466-4A1F-B32E-C7B508A7AE00}.Release|Any CPU.Build.0 = Release|Any CPU
		{6CC7F476-E791-4294-8B22-2124C0D5752F}.Debug|Any CPU.ActiveCfg = Debug|Any CPU
		{6CC7F476-E791-4294-8B22-2124C0D5752F}.Debug|Any CPU.Build.0 = Debug|Any CPU
		{6CC7F476-E791-4294-8B22-2124C0D5752F}.Release|Any CPU.ActiveCfg = Release|Any CPU
		{6CC7F476-E791-4294-8B22-2124C0D5752F}.Release|Any CPU.Build.0 = Release|Any CPU
		{E0720A52-2AC2-42EC-A7E6-EC096B126F2B}.Debug|Any CPU.ActiveCfg = Debug|Any CPU
		{E0720A52-2AC2-42EC-A7E6-EC096B126F2B}.Debug|Any CPU.Build.0 = Debug|Any CPU
		{E0720A52-2AC2-42EC-A7E6-EC096B126F2B}.Release|Any CPU.ActiveCfg = Release|Any CPU
		{E0720A52-2AC2-42EC-A7E6-EC096B126F2B}.Release|Any CPU.Build.0 = Release|Any CPU
		{4F00A880-4AB5-4FA4-8E57-F21A115C639B}.Debug|Any CPU.ActiveCfg = Debug|Any CPU
		{4F00A880-4AB5-4FA4-8E57-F21A115C639B}.Debug|Any CPU.Build.0 = Debug|Any CPU
		{4F00A880-4AB5-4FA4-8E57-F21A115C639B}.Release|Any CPU.ActiveCfg = Release|Any CPU
		{4F00A880-4AB5-4FA4-8E57-F21A115C639B}.Release|Any CPU.Build.0 = Release|Any CPU
		{A1394E78-3BF3-4AF7-96A1-0E8014C537C9}.Debug|Any CPU.ActiveCfg = Debug|Any CPU
		{A1394E78-3BF3-4AF7-96A1-0E8014C537C9}.Debug|Any CPU.Build.0 = Debug|Any CPU
		{A1394E78-3BF3-4AF7-96A1-0E8014C537C9}.Release|Any CPU.ActiveCfg = Release|Any CPU
		{A1394E78-3BF3-4AF7-96A1-0E8014C537C9}.Release|Any CPU.Build.0 = Release|Any CPU
		{4D6C3E24-BD87-47F8-8BEF-95C615CD278F}.Debug|Any CPU.ActiveCfg = Debug|Any CPU
		{4D6C3E24-BD87-47F8-8BEF-95C615CD278F}.Debug|Any CPU.Build.0 = Debug|Any CPU
		{4D6C3E24-BD87-47F8-8BEF-95C615CD278F}.Release|Any CPU.ActiveCfg = Release|Any CPU
		{4D6C3E24-BD87-47F8-8BEF-95C615CD278F}.Release|Any CPU.Build.0 = Release|Any CPU
		{1B512047-F60B-4212-ADCC-14420F009D2B}.Debug|Any CPU.ActiveCfg = Debug|Any CPU
		{1B512047-F60B-4212-ADCC-14420F009D2B}.Debug|Any CPU.Build.0 = Debug|Any CPU
		{1B512047-F60B-4212-ADCC-14420F009D2B}.Release|Any CPU.ActiveCfg = Release|Any CPU
		{1B512047-F60B-4212-ADCC-14420F009D2B}.Release|Any CPU.Build.0 = Release|Any CPU
		{0590FA42-4813-4B79-8E3B-10D637656DBA}.Debug|Any CPU.ActiveCfg = Debug|Any CPU
		{0590FA42-4813-4B79-8E3B-10D637656DBA}.Debug|Any CPU.Build.0 = Debug|Any CPU
		{0590FA42-4813-4B79-8E3B-10D637656DBA}.Release|Any CPU.ActiveCfg = Release|Any CPU
		{0590FA42-4813-4B79-8E3B-10D637656DBA}.Release|Any CPU.Build.0 = Release|Any CPU
		{ADDC090A-12FF-4039-8FD5-63CE056FBE1F}.Debug|Any CPU.ActiveCfg = Debug|Any CPU
		{ADDC090A-12FF-4039-8FD5-63CE056FBE1F}.Debug|Any CPU.Build.0 = Debug|Any CPU
		{ADDC090A-12FF-4039-8FD5-63CE056FBE1F}.Release|Any CPU.ActiveCfg = Release|Any CPU
		{ADDC090A-12FF-4039-8FD5-63CE056FBE1F}.Release|Any CPU.Build.0 = Release|Any CPU
		{28181383-3C69-4DA4-819C-BA5B116FF95C}.Debug|Any CPU.ActiveCfg = Debug|Any CPU
		{28181383-3C69-4DA4-819C-BA5B116FF95C}.Debug|Any CPU.Build.0 = Debug|Any CPU
		{28181383-3C69-4DA4-819C-BA5B116FF95C}.Release|Any CPU.ActiveCfg = Release|Any CPU
		{28181383-3C69-4DA4-819C-BA5B116FF95C}.Release|Any CPU.Build.0 = Release|Any CPU
		{69DF3E02-2E1C-45DA-B43E-C8A634E3CD32}.Debug|Any CPU.ActiveCfg = Debug|Any CPU
		{69DF3E02-2E1C-45DA-B43E-C8A634E3CD32}.Debug|Any CPU.Build.0 = Debug|Any CPU
		{69DF3E02-2E1C-45DA-B43E-C8A634E3CD32}.Release|Any CPU.ActiveCfg = Release|Any CPU
		{69DF3E02-2E1C-45DA-B43E-C8A634E3CD32}.Release|Any CPU.Build.0 = Release|Any CPU
	EndGlobalSection
	GlobalSection(SolutionProperties) = preSolution
		HideSolutionNode = FALSE
	EndGlobalSection
	GlobalSection(ExtensibilityGlobals) = postSolution
		SolutionGuid = {A416833D-8697-4015-BB8A-9C2A9D7E4130}
	EndGlobalSection
EndGlobal
