
Microsoft Visual Studio Solution File, Format Version 12.00
# Visual Studio Version 16
VisualStudioVersion = 16.0.29509.3
MinimumVisualStudioVersion = 10.0.40219.1
Project("{9A19103F-16F7-4668-BE54-9A1E7A4F7556}") = "CSharpConcurrencySeniorEng", "CSharpConcurrencySeniorEng\CSharpConcurrencySeniorEng.csproj", "{D733A861-D4B8-433E-B015-DF288748C305}"
EndProject
Project("{9A19103F-16F7-4668-BE54-9A1E7A4F7556}") = "01ThreadRace", "01ThreadRace\01ThreadRace.csproj", "{AD8DF002-0D4E-4BCE-8B0E-FED65B3B439B}"
EndProject
Project("{9A19103F-16F7-4668-BE54-9A1E7A4F7556}") = "02ThreadRaceFixed", "02ThreadRaceFixed\02ThreadRaceFixed.csproj", "{B2F76EED-F3F8-48F6-A065-4C4AFCFB964E}"
EndProject
Project("{9A19103F-16F7-4668-BE54-9A1E7A4F7556}") = "03DeadlockDemo", "03DeadlockDemo\03DeadlockDemo.csproj", "{53307635-69EB-4DFB-AE7D-D8EF7F11EC2E}"
EndProject
Project("{9A19103F-16F7-4668-BE54-9A1E7A4F7556}") = "04ReentrantLockDemo", "04ReentrantLockDemo\04ReentrantLockDemo.csproj", "{ABABC95C-4078-424C-89C8-114BCF4D2CC1}"
EndProject
Project("{9A19103F-16F7-4668-BE54-9A1E7A4F7556}") = "05ThreadStartDemo", "05ThreadStartDemo\05ThreadStartDemo.csproj", "{360D3A49-89AB-4A72-9958-814CC3811857}"
EndProject
Project("{9A19103F-16F7-4668-BE54-9A1E7A4F7556}") = "06GreetingClassDemo", "06GreetingClassDemo\06GreetingClassDemo.csproj", "{948866C7-0F81-469B-B330-B58609B0CCB8}"
EndProject
Project("{9A19103F-16F7-4668-BE54-9A1E7A4F7556}") = "07CallbackDemo", "07CallbackDemo\07CallbackDemo.csproj", "{34128F84-DCD7-4402-B39A-251B10A3E86F}"
EndProject
Project("{9A19103F-16F7-4668-BE54-9A1E7A4F7556}") = "08ThreadPoolDoesntPrint", "08ThreadPoolDoesntPrint\08ThreadPoolDoesntPrint.csproj", "{BFDA2757-0477-4DE5-8634-5BF1F4E01F2C}"
EndProject
Project("{9A19103F-16F7-4668-BE54-9A1E7A4F7556}") = "09ThreadPoolThatPrints", "09ThreadPoolThatPrints\09ThreadPoolThatPrints.csproj", "{CD46F8AF-16FC-43D6-AE01-FADA8CC2DAB5}"
EndProject
Project("{9A19103F-16F7-4668-BE54-9A1E7A4F7556}") = "10ThreadInterruptDemo", "10ThreadInterruptDemo\10ThreadInterruptDemo.csproj", "{F141789B-A5B5-4CEF-99FC-EACEBC0FF86D}"
EndProject
Project("{9A19103F-16F7-4668-BE54-9A1E7A4F7556}") = "11ThreadAbortResetAbortDemo", "11ThreadAbortResetAbortDemo\11ThreadAbortResetAbortDemo.csproj", "{2DAC0D89-74B0-4524-8E6C-61BDD5A3E1EA}"
EndProject
Project("{9A19103F-16F7-4668-BE54-9A1E7A4F7556}") = "12ChildThreadUnhandledDemo", "12ChildThreadUnhandledDemo\12ChildThreadUnhandledDemo.csproj", "{A6AEC268-9037-418F-9905-CEA04E3A15B1}"
EndProject
Project("{FAE04EC0-301F-11D3-BF4B-00C04F79EFBC}") = "13ThreadAbortUnhandledNet472Demo", "13ThreadAbortUnhandledNet472Demo\13ThreadAbortUnhandledNet472Demo.csproj", "{4A96EF7E-C9A6-49F0-9D7F-BF63A4014D21}"
EndProject
Project("{9A19103F-16F7-4668-BE54-9A1E7A4F7556}") = "14LambdaCaptureQ2Demo", "14LambdaCaptureQ2Demo\14LambdaCaptureQ2Demo.csproj", "{651C1DDE-DD14-4D2D-9781-48C07C831839}"
EndProject
Project("{9A19103F-16F7-4668-BE54-9A1E7A4F7556}") = "15ThreadStartX2Q3Demo", "15ThreadStartX2Q3Demo\15ThreadStartX2Q3Demo.csproj", "{16086EE4-3B7B-4F98-A86E-450C33DBAE6E}"
EndProject
Project("{9A19103F-16F7-4668-BE54-9A1E7A4F7556}") = "16PingPongExample", "16PingPongExample\16PingPongExample.csproj", "{3B248423-6E01-4D00-874B-CAADC0F793E4}"
EndProject
Project("{9A19103F-16F7-4668-BE54-9A1E7A4F7556}") = "17MutexQ1", "17MutexQ1\17MutexQ1.csproj", "{502F28A9-FE3B-4156-88E1-C231B1D4AA82}"
EndProject
Project("{9A19103F-16F7-4668-BE54-9A1E7A4F7556}") = "18MutexQ2", "18MutexQ2\18MutexQ2.csproj", "{AC5E72DC-7E18-4040-97A4-7C98B3AD23B0}"
EndProject
Project("{9A19103F-16F7-4668-BE54-9A1E7A4F7556}") = "19MutexQ3", "19MutexQ3\19MutexQ3.csproj", "{8396B49E-713A-40D9-B9BF-B22D612C2F5B}"
EndProject
Project("{9A19103F-16F7-4668-BE54-9A1E7A4F7556}") = "20MutexQ4", "19MutexQ4\20MutexQ4.csproj", "{3162EFD0-DD4B-47EF-B36C-159C07CF94D2}"
EndProject
Project("{9A19103F-16F7-4668-BE54-9A1E7A4F7556}") = "21MutexQ5", "21MutexQ5\21MutexQ5.csproj", "{B8054058-B8CE-4E36-922B-0DD952ADF72C}"
EndProject
Project("{9A19103F-16F7-4668-BE54-9A1E7A4F7556}") = "22MutexQ6", "22MutexQ6\22MutexQ6.csproj", "{9433B013-AB87-4948-94A9-AD7460836C29}"
EndProject
Project("{9A19103F-16F7-4668-BE54-9A1E7A4F7556}") = "23MutexQ7", "23MutexQ7\23MutexQ7.csproj", "{0D24AA81-992F-4AB9-8B4F-CA26A1D8386C}"
EndProject
Project("{9A19103F-16F7-4668-BE54-9A1E7A4F7556}") = "24SemaphoreFullException", "24SemaphoreFullException\24SemaphoreFullException.csproj", "{146252A5-1AA7-4051-9116-041D2A1A9C9C}"
EndProject
Project("{9A19103F-16F7-4668-BE54-9A1E7A4F7556}") = "25MissedSignal", "25MissedSignal\25MissedSignal.csproj", "{6813A084-6177-4B65-B676-D5417555FBC6}"
EndProject
Project("{9A19103F-16F7-4668-BE54-9A1E7A4F7556}") = "26MissedSignalsFix", "26MissedSignalsFix\26MissedSignalsFix.csproj", "{E3D60307-4FB2-479B-92EF-7AA7E46ED244}"
EndProject
Project("{FAE04EC0-301F-11D3-BF4B-00C04F79EFBC}") = "27SemaphorePingPong", "27SemaphorePingPong\27SemaphorePingPong.csproj", "{3E6CEA99-0CB7-4FBD-BC6C-D9A4F16FC6A7}"
EndProject
Global
	GlobalSection(SolutionConfigurationPlatforms) = preSolution
		Debug|Any CPU = Debug|Any CPU
		Release|Any CPU = Release|Any CPU
	EndGlobalSection
	GlobalSection(ProjectConfigurationPlatforms) = postSolution
		{D733A861-D4B8-433E-B015-DF288748C305}.Debug|Any CPU.ActiveCfg = Debug|Any CPU
		{D733A861-D4B8-433E-B015-DF288748C305}.Debug|Any CPU.Build.0 = Debug|Any CPU
		{D733A861-D4B8-433E-B015-DF288748C305}.Release|Any CPU.ActiveCfg = Release|Any CPU
		{D733A861-D4B8-433E-B015-DF288748C305}.Release|Any CPU.Build.0 = Release|Any CPU
		{AD8DF002-0D4E-4BCE-8B0E-FED65B3B439B}.Debug|Any CPU.ActiveCfg = Debug|Any CPU
		{AD8DF002-0D4E-4BCE-8B0E-FED65B3B439B}.Debug|Any CPU.Build.0 = Debug|Any CPU
		{AD8DF002-0D4E-4BCE-8B0E-FED65B3B439B}.Release|Any CPU.ActiveCfg = Release|Any CPU
		{AD8DF002-0D4E-4BCE-8B0E-FED65B3B439B}.Release|Any CPU.Build.0 = Release|Any CPU
		{B2F76EED-F3F8-48F6-A065-4C4AFCFB964E}.Debug|Any CPU.ActiveCfg = Debug|Any CPU
		{B2F76EED-F3F8-48F6-A065-4C4AFCFB964E}.Debug|Any CPU.Build.0 = Debug|Any CPU
		{B2F76EED-F3F8-48F6-A065-4C4AFCFB964E}.Release|Any CPU.ActiveCfg = Release|Any CPU
		{B2F76EED-F3F8-48F6-A065-4C4AFCFB964E}.Release|Any CPU.Build.0 = Release|Any CPU
		{53307635-69EB-4DFB-AE7D-D8EF7F11EC2E}.Debug|Any CPU.ActiveCfg = Debug|Any CPU
		{53307635-69EB-4DFB-AE7D-D8EF7F11EC2E}.Debug|Any CPU.Build.0 = Debug|Any CPU
		{53307635-69EB-4DFB-AE7D-D8EF7F11EC2E}.Release|Any CPU.ActiveCfg = Release|Any CPU
		{53307635-69EB-4DFB-AE7D-D8EF7F11EC2E}.Release|Any CPU.Build.0 = Release|Any CPU
		{ABABC95C-4078-424C-89C8-114BCF4D2CC1}.Debug|Any CPU.ActiveCfg = Debug|Any CPU
		{ABABC95C-4078-424C-89C8-114BCF4D2CC1}.Debug|Any CPU.Build.0 = Debug|Any CPU
		{ABABC95C-4078-424C-89C8-114BCF4D2CC1}.Release|Any CPU.ActiveCfg = Release|Any CPU
		{ABABC95C-4078-424C-89C8-114BCF4D2CC1}.Release|Any CPU.Build.0 = Release|Any CPU
		{360D3A49-89AB-4A72-9958-814CC3811857}.Debug|Any CPU.ActiveCfg = Debug|Any CPU
		{360D3A49-89AB-4A72-9958-814CC3811857}.Debug|Any CPU.Build.0 = Debug|Any CPU
		{360D3A49-89AB-4A72-9958-814CC3811857}.Release|Any CPU.ActiveCfg = Release|Any CPU
		{360D3A49-89AB-4A72-9958-814CC3811857}.Release|Any CPU.Build.0 = Release|Any CPU
		{948866C7-0F81-469B-B330-B58609B0CCB8}.Debug|Any CPU.ActiveCfg = Debug|Any CPU
		{948866C7-0F81-469B-B330-B58609B0CCB8}.Debug|Any CPU.Build.0 = Debug|Any CPU
		{948866C7-0F81-469B-B330-B58609B0CCB8}.Release|Any CPU.ActiveCfg = Release|Any CPU
		{948866C7-0F81-469B-B330-B58609B0CCB8}.Release|Any CPU.Build.0 = Release|Any CPU
		{34128F84-DCD7-4402-B39A-251B10A3E86F}.Debug|Any CPU.ActiveCfg = Debug|Any CPU
		{34128F84-DCD7-4402-B39A-251B10A3E86F}.Debug|Any CPU.Build.0 = Debug|Any CPU
		{34128F84-DCD7-4402-B39A-251B10A3E86F}.Release|Any CPU.ActiveCfg = Release|Any CPU
		{34128F84-DCD7-4402-B39A-251B10A3E86F}.Release|Any CPU.Build.0 = Release|Any CPU
		{BFDA2757-0477-4DE5-8634-5BF1F4E01F2C}.Debug|Any CPU.ActiveCfg = Debug|Any CPU
		{BFDA2757-0477-4DE5-8634-5BF1F4E01F2C}.Debug|Any CPU.Build.0 = Debug|Any CPU
		{BFDA2757-0477-4DE5-8634-5BF1F4E01F2C}.Release|Any CPU.ActiveCfg = Release|Any CPU
		{BFDA2757-0477-4DE5-8634-5BF1F4E01F2C}.Release|Any CPU.Build.0 = Release|Any CPU
		{CD46F8AF-16FC-43D6-AE01-FADA8CC2DAB5}.Debug|Any CPU.ActiveCfg = Debug|Any CPU
		{CD46F8AF-16FC-43D6-AE01-FADA8CC2DAB5}.Debug|Any CPU.Build.0 = Debug|Any CPU
		{CD46F8AF-16FC-43D6-AE01-FADA8CC2DAB5}.Release|Any CPU.ActiveCfg = Release|Any CPU
		{CD46F8AF-16FC-43D6-AE01-FADA8CC2DAB5}.Release|Any CPU.Build.0 = Release|Any CPU
		{F141789B-A5B5-4CEF-99FC-EACEBC0FF86D}.Debug|Any CPU.ActiveCfg = Debug|Any CPU
		{F141789B-A5B5-4CEF-99FC-EACEBC0FF86D}.Debug|Any CPU.Build.0 = Debug|Any CPU
		{F141789B-A5B5-4CEF-99FC-EACEBC0FF86D}.Release|Any CPU.ActiveCfg = Release|Any CPU
		{F141789B-A5B5-4CEF-99FC-EACEBC0FF86D}.Release|Any CPU.Build.0 = Release|Any CPU
		{2DAC0D89-74B0-4524-8E6C-61BDD5A3E1EA}.Debug|Any CPU.ActiveCfg = Debug|Any CPU
		{2DAC0D89-74B0-4524-8E6C-61BDD5A3E1EA}.Debug|Any CPU.Build.0 = Debug|Any CPU
		{2DAC0D89-74B0-4524-8E6C-61BDD5A3E1EA}.Release|Any CPU.ActiveCfg = Release|Any CPU
		{2DAC0D89-74B0-4524-8E6C-61BDD5A3E1EA}.Release|Any CPU.Build.0 = Release|Any CPU
		{A6AEC268-9037-418F-9905-CEA04E3A15B1}.Debug|Any CPU.ActiveCfg = Debug|Any CPU
		{A6AEC268-9037-418F-9905-CEA04E3A15B1}.Debug|Any CPU.Build.0 = Debug|Any CPU
		{A6AEC268-9037-418F-9905-CEA04E3A15B1}.Release|Any CPU.ActiveCfg = Release|Any CPU
		{A6AEC268-9037-418F-9905-CEA04E3A15B1}.Release|Any CPU.Build.0 = Release|Any CPU
		{4A96EF7E-C9A6-49F0-9D7F-BF63A4014D21}.Debug|Any CPU.ActiveCfg = Debug|Any CPU
		{4A96EF7E-C9A6-49F0-9D7F-BF63A4014D21}.Debug|Any CPU.Build.0 = Debug|Any CPU
		{4A96EF7E-C9A6-49F0-9D7F-BF63A4014D21}.Release|Any CPU.ActiveCfg = Release|Any CPU
		{4A96EF7E-C9A6-49F0-9D7F-BF63A4014D21}.Release|Any CPU.Build.0 = Release|Any CPU
		{651C1DDE-DD14-4D2D-9781-48C07C831839}.Debug|Any CPU.ActiveCfg = Debug|Any CPU
		{651C1DDE-DD14-4D2D-9781-48C07C831839}.Debug|Any CPU.Build.0 = Debug|Any CPU
		{651C1DDE-DD14-4D2D-9781-48C07C831839}.Release|Any CPU.ActiveCfg = Release|Any CPU
		{651C1DDE-DD14-4D2D-9781-48C07C831839}.Release|Any CPU.Build.0 = Release|Any CPU
		{16086EE4-3B7B-4F98-A86E-450C33DBAE6E}.Debug|Any CPU.ActiveCfg = Debug|Any CPU
		{16086EE4-3B7B-4F98-A86E-450C33DBAE6E}.Debug|Any CPU.Build.0 = Debug|Any CPU
		{16086EE4-3B7B-4F98-A86E-450C33DBAE6E}.Release|Any CPU.ActiveCfg = Release|Any CPU
		{16086EE4-3B7B-4F98-A86E-450C33DBAE6E}.Release|Any CPU.Build.0 = Release|Any CPU
		{3B248423-6E01-4D00-874B-CAADC0F793E4}.Debug|Any CPU.ActiveCfg = Debug|Any CPU
		{3B248423-6E01-4D00-874B-CAADC0F793E4}.Debug|Any CPU.Build.0 = Debug|Any CPU
		{3B248423-6E01-4D00-874B-CAADC0F793E4}.Release|Any CPU.ActiveCfg = Release|Any CPU
		{3B248423-6E01-4D00-874B-CAADC0F793E4}.Release|Any CPU.Build.0 = Release|Any CPU
		{502F28A9-FE3B-4156-88E1-C231B1D4AA82}.Debug|Any CPU.ActiveCfg = Debug|Any CPU
		{502F28A9-FE3B-4156-88E1-C231B1D4AA82}.Debug|Any CPU.Build.0 = Debug|Any CPU
		{502F28A9-FE3B-4156-88E1-C231B1D4AA82}.Release|Any CPU.ActiveCfg = Release|Any CPU
		{502F28A9-FE3B-4156-88E1-C231B1D4AA82}.Release|Any CPU.Build.0 = Release|Any CPU
		{AC5E72DC-7E18-4040-97A4-7C98B3AD23B0}.Debug|Any CPU.ActiveCfg = Debug|Any CPU
		{AC5E72DC-7E18-4040-97A4-7C98B3AD23B0}.Debug|Any CPU.Build.0 = Debug|Any CPU
		{AC5E72DC-7E18-4040-97A4-7C98B3AD23B0}.Release|Any CPU.ActiveCfg = Release|Any CPU
		{AC5E72DC-7E18-4040-97A4-7C98B3AD23B0}.Release|Any CPU.Build.0 = Release|Any CPU
		{8396B49E-713A-40D9-B9BF-B22D612C2F5B}.Debug|Any CPU.ActiveCfg = Debug|Any CPU
		{8396B49E-713A-40D9-B9BF-B22D612C2F5B}.Debug|Any CPU.Build.0 = Debug|Any CPU
		{8396B49E-713A-40D9-B9BF-B22D612C2F5B}.Release|Any CPU.ActiveCfg = Release|Any CPU
		{8396B49E-713A-40D9-B9BF-B22D612C2F5B}.Release|Any CPU.Build.0 = Release|Any CPU
		{3162EFD0-DD4B-47EF-B36C-159C07CF94D2}.Debug|Any CPU.ActiveCfg = Debug|Any CPU
		{3162EFD0-DD4B-47EF-B36C-159C07CF94D2}.Debug|Any CPU.Build.0 = Debug|Any CPU
		{3162EFD0-DD4B-47EF-B36C-159C07CF94D2}.Release|Any CPU.ActiveCfg = Release|Any CPU
		{3162EFD0-DD4B-47EF-B36C-159C07CF94D2}.Release|Any CPU.Build.0 = Release|Any CPU
		{B8054058-B8CE-4E36-922B-0DD952ADF72C}.Debug|Any CPU.ActiveCfg = Debug|Any CPU
		{B8054058-B8CE-4E36-922B-0DD952ADF72C}.Debug|Any CPU.Build.0 = Debug|Any CPU
		{B8054058-B8CE-4E36-922B-0DD952ADF72C}.Release|Any CPU.ActiveCfg = Release|Any CPU
		{B8054058-B8CE-4E36-922B-0DD952ADF72C}.Release|Any CPU.Build.0 = Release|Any CPU
		{9433B013-AB87-4948-94A9-AD7460836C29}.Debug|Any CPU.ActiveCfg = Debug|Any CPU
		{9433B013-AB87-4948-94A9-AD7460836C29}.Debug|Any CPU.Build.0 = Debug|Any CPU
		{9433B013-AB87-4948-94A9-AD7460836C29}.Release|Any CPU.ActiveCfg = Release|Any CPU
		{9433B013-AB87-4948-94A9-AD7460836C29}.Release|Any CPU.Build.0 = Release|Any CPU
		{0D24AA81-992F-4AB9-8B4F-CA26A1D8386C}.Debug|Any CPU.ActiveCfg = Debug|Any CPU
		{0D24AA81-992F-4AB9-8B4F-CA26A1D8386C}.Debug|Any CPU.Build.0 = Debug|Any CPU
		{0D24AA81-992F-4AB9-8B4F-CA26A1D8386C}.Release|Any CPU.ActiveCfg = Release|Any CPU
		{0D24AA81-992F-4AB9-8B4F-CA26A1D8386C}.Release|Any CPU.Build.0 = Release|Any CPU
		{146252A5-1AA7-4051-9116-041D2A1A9C9C}.Debug|Any CPU.ActiveCfg = Debug|Any CPU
		{146252A5-1AA7-4051-9116-041D2A1A9C9C}.Debug|Any CPU.Build.0 = Debug|Any CPU
		{146252A5-1AA7-4051-9116-041D2A1A9C9C}.Release|Any CPU.ActiveCfg = Release|Any CPU
		{146252A5-1AA7-4051-9116-041D2A1A9C9C}.Release|Any CPU.Build.0 = Release|Any CPU
		{6813A084-6177-4B65-B676-D5417555FBC6}.Debug|Any CPU.ActiveCfg = Debug|Any CPU
		{6813A084-6177-4B65-B676-D5417555FBC6}.Debug|Any CPU.Build.0 = Debug|Any CPU
		{6813A084-6177-4B65-B676-D5417555FBC6}.Release|Any CPU.ActiveCfg = Release|Any CPU
		{6813A084-6177-4B65-B676-D5417555FBC6}.Release|Any CPU.Build.0 = Release|Any CPU
		{E3D60307-4FB2-479B-92EF-7AA7E46ED244}.Debug|Any CPU.ActiveCfg = Debug|Any CPU
		{E3D60307-4FB2-479B-92EF-7AA7E46ED244}.Debug|Any CPU.Build.0 = Debug|Any CPU
		{E3D60307-4FB2-479B-92EF-7AA7E46ED244}.Release|Any CPU.ActiveCfg = Release|Any CPU
		{E3D60307-4FB2-479B-92EF-7AA7E46ED244}.Release|Any CPU.Build.0 = Release|Any CPU
		{3E6CEA99-0CB7-4FBD-BC6C-D9A4F16FC6A7}.Debug|Any CPU.ActiveCfg = Debug|Any CPU
		{3E6CEA99-0CB7-4FBD-BC6C-D9A4F16FC6A7}.Debug|Any CPU.Build.0 = Debug|Any CPU
		{3E6CEA99-0CB7-4FBD-BC6C-D9A4F16FC6A7}.Release|Any CPU.ActiveCfg = Release|Any CPU
		{3E6CEA99-0CB7-4FBD-BC6C-D9A4F16FC6A7}.Release|Any CPU.Build.0 = Release|Any CPU
	EndGlobalSection
	GlobalSection(SolutionProperties) = preSolution
		HideSolutionNode = FALSE
	EndGlobalSection
	GlobalSection(ExtensibilityGlobals) = postSolution
		SolutionGuid = {A416833D-8697-4015-BB8A-9C2A9D7E4130}
	EndGlobalSection
EndGlobal
